// !$*UTF8*$!
{
	archiveVersion = 1;
	classes = {
	};
	objectVersion = 55;
	objects = {

/* Begin PBXBuildFile section */
		18586936285B60A700F6F8A5 /* AppDelegate.swift in Sources */ = {isa = PBXBuildFile; fileRef = 18586935285B60A700F6F8A5 /* AppDelegate.swift */; };
		18586938285B60A700F6F8A5 /* SceneDelegate.swift in Sources */ = {isa = PBXBuildFile; fileRef = 18586937285B60A700F6F8A5 /* SceneDelegate.swift */; };
		1858693A285B60A700F6F8A5 /* ViewController.swift in Sources */ = {isa = PBXBuildFile; fileRef = 18586939285B60A700F6F8A5 /* ViewController.swift */; };
		1858693D285B60A700F6F8A5 /* Main.storyboard in Resources */ = {isa = PBXBuildFile; fileRef = 1858693B285B60A700F6F8A5 /* Main.storyboard */; };
		1858693F285B60A900F6F8A5 /* Assets.xcassets in Resources */ = {isa = PBXBuildFile; fileRef = 1858693E285B60A900F6F8A5 /* Assets.xcassets */; };
		18586942285B60A900F6F8A5 /* LaunchScreen.storyboard in Resources */ = {isa = PBXBuildFile; fileRef = 18586940285B60A900F6F8A5 /* LaunchScreen.storyboard */; };
		1858694B285B614B00F6F8A5 /* ToBeIgnored.swift in Sources */ = {isa = PBXBuildFile; fileRef = 1858694A285B614B00F6F8A5 /* ToBeIgnored.swift */; };
/* End PBXBuildFile section */

/* Begin PBXFileReference section */
		18586932285B60A700F6F8A5 /* test_gitattributes.app */ = {isa = PBXFileReference; explicitFileType = wrapper.application; includeInIndex = 0; path = test_gitattributes.app; sourceTree = BUILT_PRODUCTS_DIR; };
		18586935285B60A700F6F8A5 /* AppDelegate.swift */ = {isa = PBXFileReference; lastKnownFileType = sourcecode.swift; path = AppDelegate.swift; sourceTree = "<group>"; };
		18586937285B60A700F6F8A5 /* SceneDelegate.swift */ = {isa = PBXFileReference; lastKnownFileType = sourcecode.swift; path = SceneDelegate.swift; sourceTree = "<group>"; };
		18586939285B60A700F6F8A5 /* ViewController.swift */ = {isa = PBXFileReference; lastKnownFileType = sourcecode.swift; path = ViewController.swift; sourceTree = "<group>"; };
		1858693C285B60A700F6F8A5 /* Base */ = {isa = PBXFileReference; lastKnownFileType = file.storyboard; name = Base; path = Base.lproj/Main.storyboard; sourceTree = "<group>"; };
		1858693E285B60A900F6F8A5 /* Assets.xcassets */ = {isa = PBXFileReference; lastKnownFileType = folder.assetcatalog; path = Assets.xcassets; sourceTree = "<group>"; };
		18586941285B60A900F6F8A5 /* Base */ = {isa = PBXFileReference; lastKnownFileType = file.storyboard; name = Base; path = Base.lproj/LaunchScreen.storyboard; sourceTree = "<group>"; };
		18586943285B60A900F6F8A5 /* Info.plist */ = {isa = PBXFileReference; lastKnownFileType = text.plist.xml; path = Info.plist; sourceTree = "<group>"; };
		1858694A285B614B00F6F8A5 /* ToBeIgnored.swift */ = {isa = PBXFileReference; lastKnownFileType = sourcecode.swift; path = ToBeIgnored.swift; sourceTree = "<group>"; };
/* End PBXFileReference section */

/* Begin PBXFrameworksBuildPhase section */
		1858692F285B60A700F6F8A5 /* Frameworks */ = {
			isa = PBXFrameworksBuildPhase;
			buildActionMask = 2147483647;
			files = (
			);
			runOnlyForDeploymentPostprocessing = 0;
		};
/* End PBXFrameworksBuildPhase section */

/* Begin PBXGroup section */
		18586929285B60A700F6F8A5 = {
			isa = PBXGroup;
			children = (
				18586934285B60A700F6F8A5 /* test_gitattributes */,
				18586933285B60A700F6F8A5 /* Products */,
			);
			sourceTree = "<group>";
		};
		18586933285B60A700F6F8A5 /* Products */ = {
			isa = PBXGroup;
			children = (
				18586932285B60A700F6F8A5 /* test_gitattributes.app */,
			);
			name = Products;
			sourceTree = "<group>";
		};
		18586934285B60A700F6F8A5 /* test_gitattributes */ = {
			isa = PBXGroup;
			children = (
				18586949285B613900F6F8A5 /* IgnoredFolder */,
				18586935285B60A700F6F8A5 /* AppDelegate.swift */,
				18586937285B60A700F6F8A5 /* SceneDelegate.swift */,
				18586939285B60A700F6F8A5 /* ViewController.swift */,
				1858693B285B60A700F6F8A5 /* Main.storyboard */,
				1858693E285B60A900F6F8A5 /* Assets.xcassets */,
				18586940285B60A900F6F8A5 /* LaunchScreen.storyboard */,
				18586943285B60A900F6F8A5 /* Info.plist */,
			);
			path = test_gitattributes;
			sourceTree = "<group>";
		};
		18586949285B613900F6F8A5 /* IgnoredFolder */ = {
			isa = PBXGroup;
			children = (
				1858694A285B614B00F6F8A5 /* ToBeIgnored.swift */,
			);
			path = IgnoredFolder;
			sourceTree = "<group>";
		};
/* End PBXGroup section */

/* Begin PBXNativeTarget section */
		18586931285B60A700F6F8A5 /* test_gitattributes */ = {
			isa = PBXNativeTarget;
			buildConfigurationList = 18586946285B60A900F6F8A5 /* Build configuration list for PBXNativeTarget "test_gitattributes" */;
			buildPhases = (
				1858692E285B60A700F6F8A5 /* Sources */,
				1858692F285B60A700F6F8A5 /* Frameworks */,
				18586930285B60A700F6F8A5 /* Resources */,
			);
			buildRules = (
			);
			dependencies = (
			);
			name = test_gitattributes;
			productName = test_gitattributes;
			productReference = 18586932285B60A700F6F8A5 /* test_gitattributes.app */;
			productType = "com.apple.product-type.application";
		};
/* End PBXNativeTarget section */

/* Begin PBXProject section */
		1858692A285B60A700F6F8A5 /* Project object */ = {
			isa = PBXProject;
			attributes = {
				BuildIndependentTargetsInParallel = 1;
				LastSwiftUpdateCheck = 1340;
				LastUpgradeCheck = 1340;
				TargetAttributes = {
					18586931285B60A700F6F8A5 = {
						CreatedOnToolsVersion = 13.4;
					};
				};
			};
			buildConfigurationList = 1858692D285B60A700F6F8A5 /* Build configuration list for PBXProject "test_gitattributes" */;
			compatibilityVersion = "Xcode 13.0";
			developmentRegion = en;
			hasScannedForEncodings = 0;
			knownRegions = (
				en,
				Base,
			);
			mainGroup = 18586929285B60A700F6F8A5;
			productRefGroup = 18586933285B60A700F6F8A5 /* Products */;
			projectDirPath = "";
			projectRoot = "";
			targets = (
				18586931285B60A700F6F8A5 /* test_gitattributes */,
			);
		};
/* End PBXProject section */

/* Begin PBXResourcesBuildPhase section */
		18586930285B60A700F6F8A5 /* Resources */ = {
			isa = PBXResourcesBuildPhase;
			buildActionMask = 2147483647;
			files = (
				18586942285B60A900F6F8A5 /* LaunchScreen.storyboard in Resources */,
				1858693F285B60A900F6F8A5 /* Assets.xcassets in Resources */,
				1858693D285B60A700F6F8A5 /* Main.storyboard in Resources */,
			);
			runOnlyForDeploymentPostprocessing = 0;
		};
/* End PBXResourcesBuildPhase section */

/* Begin PBXSourcesBuildPhase section */
		1858692E285B60A700F6F8A5 /* Sources */ = {
			isa = PBXSourcesBuildPhase;
			buildActionMask = 2147483647;
			files = (
				1858693A285B60A700F6F8A5 /* ViewController.swift in Sources */,
				18586936285B60A700F6F8A5 /* AppDelegate.swift in Sources */,
				1858694B285B614B00F6F8A5 /* ToBeIgnored.swift in Sources */,
				18586938285B60A700F6F8A5 /* SceneDelegate.swift in Sources */,
			);
			runOnlyForDeploymentPostprocessing = 0;
		};
/* End PBXSourcesBuildPhase section */

/* Begin PBXVariantGroup section */
		1858693B285B60A700F6F8A5 /* Main.storyboard */ = {
			isa = PBXVariantGroup;
			children = (
				1858693C285B60A700F6F8A5 /* Base */,
			);
			name = Main.storyboard;
			sourceTree = "<group>";
		};
		18586940285B60A900F6F8A5 /* LaunchScreen.storyboard */ = {
			isa = PBXVariantGroup;
			children = (
				18586941285B60A900F6F8A5 /* Base */,
			);
			name = LaunchScreen.storyboard;
			sourceTree = "<group>";
		};
/* End PBXVariantGroup section */

/* Begin XCBuildConfiguration section */
		18586944285B60A900F6F8A5 /* Debug */ = {
			isa = XCBuildConfiguration;
			buildSettings = {
				ALWAYS_SEARCH_USER_PATHS = NO;
				CLANG_ANALYZER_NONNULL = YES;
				CLANG_ANALYZER_NUMBER_OBJECT_CONVERSION = YES_AGGRESSIVE;
				CLANG_CXX_LANGUAGE_STANDARD = "gnu++17";
				CLANG_ENABLE_MODULES = YES;
				CLANG_ENABLE_OBJC_ARC = YES;
				CLANG_ENABLE_OBJC_WEAK = YES;
				CLANG_WARN_BLOCK_CAPTURE_AUTORELEASING = YES;
				CLANG_WARN_BOOL_CONVERSION = YES;
				CLANG_WARN_COMMA = YES;
				CLANG_WARN_CONSTANT_CONVERSION = YES;
				CLANG_WARN_DEPRECATED_OBJC_IMPLEMENTATIONS = YES;
				CLANG_WARN_DIRECT_OBJC_ISA_USAGE = YES_ERROR;
				CLANG_WARN_DOCUMENTATION_COMMENTS = YES;
				CLANG_WARN_EMPTY_BODY = YES;
				CLANG_WARN_ENUM_CONVERSION = YES;
				CLANG_WARN_INFINITE_RECURSION = YES;
				CLANG_WARN_INT_CONVERSION = YES;
				CLANG_WARN_NON_LITERAL_NULL_CONVERSION = YES;
				CLANG_WARN_OBJC_IMPLICIT_RETAIN_SELF = YES;
				CLANG_WARN_OBJC_LITERAL_CONVERSION = YES;
				CLANG_WARN_OBJC_ROOT_CLASS = YES_ERROR;
				CLANG_WARN_QUOTED_INCLUDE_IN_FRAMEWORK_HEADER = YES;
				CLANG_WARN_RANGE_LOOP_ANALYSIS = YES;
				CLANG_WARN_STRICT_PROTOTYPES = YES;
				CLANG_WARN_SUSPICIOUS_MOVE = YES;
				CLANG_WARN_UNGUARDED_AVAILABILITY = YES_AGGRESSIVE;
				CLANG_WARN_UNREACHABLE_CODE = YES;
				CLANG_WARN__DUPLICATE_METHOD_MATCH = YES;
				COPY_PHASE_STRIP = NO;
				DEBUG_INFORMATION_FORMAT = dwarf;
				ENABLE_STRICT_OBJC_MSGSEND = YES;
				ENABLE_TESTABILITY = YES;
				GCC_C_LANGUAGE_STANDARD = gnu11;
				GCC_DYNAMIC_NO_PIC = NO;
				GCC_NO_COMMON_BLOCKS = YES;
				GCC_OPTIMIZATION_LEVEL = 0;
				GCC_PREPROCESSOR_DEFINITIONS = (
					"DEBUG=1",
					"$(inherited)",
				);
				GCC_WARN_64_TO_32_BIT_CONVERSION = YES;
				GCC_WARN_ABOUT_RETURN_TYPE = YES_ERROR;
				GCC_WARN_UNDECLARED_SELECTOR = YES;
				GCC_WARN_UNINITIALIZED_AUTOS = YES_AGGRESSIVE;
				GCC_WARN_UNUSED_FUNCTION = YES;
				GCC_WARN_UNUSED_VARIABLE = YES;
				IPHONEOS_DEPLOYMENT_TARGET = 15.5;
				MTL_ENABLE_DEBUG_INFO = INCLUDE_SOURCE;
				MTL_FAST_MATH = YES;
				ONLY_ACTIVE_ARCH = YES;
				SDKROOT = iphoneos;
				SWIFT_ACTIVE_COMPILATION_CONDITIONS = DEBUG;
				SWIFT_OPTIMIZATION_LEVEL = "-Onone";
			};
			name = Debug;
		};
		18586945285B60A900F6F8A5 /* Release */ = {
			isa = XCBuildConfiguration;
			buildSettings = {
				ALWAYS_SEARCH_USER_PATHS = NO;
				CLANG_ANALYZER_NONNULL = YES;
				CLANG_ANALYZER_NUMBER_OBJECT_CONVERSION = YES_AGGRESSIVE;
				CLANG_CXX_LANGUAGE_STANDARD = "gnu++17";
				CLANG_ENABLE_MODULES = YES;
				CLANG_ENABLE_OBJC_ARC = YES;
				CLANG_ENABLE_OBJC_WEAK = YES;
				CLANG_WARN_BLOCK_CAPTURE_AUTORELEASING = YES;
				CLANG_WARN_BOOL_CONVERSION = YES;
				CLANG_WARN_COMMA = YES;
				CLANG_WARN_CONSTANT_CONVERSION = YES;
				CLANG_WARN_DEPRECATED_OBJC_IMPLEMENTATIONS = YES;
				CLANG_WARN_DIRECT_OBJC_ISA_USAGE = YES_ERROR;
				CLANG_WARN_DOCUMENTATION_COMMENTS = YES;
				CLANG_WARN_EMPTY_BODY = YES;
				CLANG_WARN_ENUM_CONVERSION = YES;
				CLANG_WARN_INFINITE_RECURSION = YES;
				CLANG_WARN_INT_CONVERSION = YES;
				CLANG_WARN_NON_LITERAL_NULL_CONVERSION = YES;
				CLANG_WARN_OBJC_IMPLICIT_RETAIN_SELF = YES;
				CLANG_WARN_OBJC_LITERAL_CONVERSION = YES;
				CLANG_WARN_OBJC_ROOT_CLASS = YES_ERROR;
				CLANG_WARN_QUOTED_INCLUDE_IN_FRAMEWORK_HEADER = YES;
				CLANG_WARN_RANGE_LOOP_ANALYSIS = YES;
				CLANG_WARN_STRICT_PROTOTYPES = YES;
				CLANG_WARN_SUSPICIOUS_MOVE = YES;
				CLANG_WARN_UNGUARDED_AVAILABILITY = YES_AGGRESSIVE;
				CLANG_WARN_UNREACHABLE_CODE = YES;
				CLANG_WARN__DUPLICATE_METHOD_MATCH = YES;
				COPY_PHASE_STRIP = NO;
				DEBUG_INFORMATION_FORMAT = "dwarf-with-dsym";
				ENABLE_NS_ASSERTIONS = NO;
				ENABLE_STRICT_OBJC_MSGSEND = YES;
				GCC_C_LANGUAGE_STANDARD = gnu11;
				GCC_NO_COMMON_BLOCKS = YES;
				GCC_WARN_64_TO_32_BIT_CONVERSION = YES;
				GCC_WARN_ABOUT_RETURN_TYPE = YES_ERROR;
				GCC_WARN_UNDECLARED_SELECTOR = YES;
				GCC_WARN_UNINITIALIZED_AUTOS = YES_AGGRESSIVE;
				GCC_WARN_UNUSED_FUNCTION = YES;
				GCC_WARN_UNUSED_VARIABLE = YES;
				IPHONEOS_DEPLOYMENT_TARGET = 15.5;
				MTL_ENABLE_DEBUG_INFO = NO;
				MTL_FAST_MATH = YES;
				SDKROOT = iphoneos;
				SWIFT_COMPILATION_MODE = wholemodule;
				SWIFT_OPTIMIZATION_LEVEL = "-O";
				VALIDATE_PRODUCT = YES;
			};
			name = Release;
		};
		18586947285B60A900F6F8A5 /* Debug */ = {
			isa = XCBuildConfiguration;
			buildSettings = {
				ASSETCATALOG_COMPILER_APPICON_NAME = AppIcon;
				ASSETCATALOG_COMPILER_GLOBAL_ACCENT_COLOR_NAME = AccentColor;
				CODE_SIGN_STYLE = Automatic;
				CURRENT_PROJECT_VERSION = 1;
				DEVELOPMENT_TEAM = S2ZMFGQM93;
				GENERATE_INFOPLIST_FILE = YES;
				INFOPLIST_FILE = test_gitattributes/Info.plist;
				INFOPLIST_KEY_UIApplicationSupportsIndirectInputEvents = YES;
				INFOPLIST_KEY_UILaunchStoryboardName = LaunchScreen;
				INFOPLIST_KEY_UIMainStoryboardFile = Main;
				INFOPLIST_KEY_UISupportedInterfaceOrientations_iPad = "UIInterfaceOrientationPortrait UIInterfaceOrientationPortraitUpsideDown UIInterfaceOrientationLandscapeLeft UIInterfaceOrientationLandscapeRight";
				INFOPLIST_KEY_UISupportedInterfaceOrientations_iPhone = "UIInterfaceOrientationPortrait UIInterfaceOrientationLandscapeLeft UIInterfaceOrientationLandscapeRight";
				LD_RUNPATH_SEARCH_PATHS = (
					"$(inherited)",
					"@executable_path/Frameworks",
				);
				MARKETING_VERSION = 1.0;
				PRODUCT_BUNDLE_IDENTIFIER = "com.vmware.ios-tunnel.test-gitattributes";
				PRODUCT_NAME = "$(TARGET_NAME)";
				SWIFT_EMIT_LOC_STRINGS = YES;
				SWIFT_VERSION = 5.0;
				TARGETED_DEVICE_FAMILY = "1,2";
			};
			name = Debug;
		};
		18586948285B60A900F6F8A5 /* Release */ = {
			isa = XCBuildConfiguration;
			buildSettings = {
				ASSETCATALOG_COMPILER_APPICON_NAME = AppIcon;
				ASSETCATALOG_COMPILER_GLOBAL_ACCENT_COLOR_NAME = AccentColor;
				CODE_SIGN_STYLE = Automatic;
				CURRENT_PROJECT_VERSION = 1;
				DEVELOPMENT_TEAM = S2ZMFGQM93;
				GENERATE_INFOPLIST_FILE = YES;
				INFOPLIST_FILE = test_gitattributes/Info.plist;
				INFOPLIST_KEY_UIApplicationSupportsIndirectInputEvents = YES;
				INFOPLIST_KEY_UILaunchStoryboardName = LaunchScreen;
				INFOPLIST_KEY_UIMainStoryboardFile = Main;
				INFOPLIST_KEY_UISupportedInterfaceOrientations_iPad = "UIInterfaceOrientationPortrait UIInterfaceOrientationPortraitUpsideDown UIInterfaceOrientationLandscapeLeft UIInterfaceOrientationLandscapeRight";
				INFOPLIST_KEY_UISupportedInterfaceOrientations_iPhone = "UIInterfaceOrientationPortrait UIInterfaceOrientationLandscapeLeft UIInterfaceOrientationLandscapeRight";
				LD_RUNPATH_SEARCH_PATHS = (
					"$(inherited)",
					"@executable_path/Frameworks",
				);
				MARKETING_VERSION = 1.0;
				PRODUCT_BUNDLE_IDENTIFIER = "com.vmware.ios-tunnel.test-gitattributes";
				PRODUCT_NAME = "$(TARGET_NAME)";
				SWIFT_EMIT_LOC_STRINGS = YES;
				SWIFT_VERSION = 5.0;
				TARGETED_DEVICE_FAMILY = "1,2";
			};
			name = Release;
		};
/* End XCBuildConfiguration section */

/* Begin XCConfigurationList section */
		1858692D285B60A700F6F8A5 /* Build configuration list for PBXProject "test_gitattributes" */ = {
			isa = XCConfigurationList;
			buildConfigurations = (
				18586944285B60A900F6F8A5 /* Debug */,
				18586945285B60A900F6F8A5 /* Release */,
			);
			defaultConfigurationIsVisible = 0;
			defaultConfigurationName = Release;
		};
		18586946285B60A900F6F8A5 /* Build configuration list for PBXNativeTarget "test_gitattributes" */ = {
			isa = XCConfigurationList;
			buildConfigurations = (
				18586947285B60A900F6F8A5 /* Debug */,
				18586948285B60A900F6F8A5 /* Release */,
			);
			defaultConfigurationIsVisible = 0;
			defaultConfigurationName = Release;
		};
/* End XCConfigurationList section */
	};
	rootObject = 1858692A285B60A700F6F8A5 /* Project object */;
}
